
Microsoft Visual Studio Solution File, Format Version 11.00
# Visual Studio 2010
Project("{FAE04EC0-301F-11D3-BF4B-00C04F79EFBC}") = "ObjectBox", "ObjectBox\ObjectBox.csproj", "{3FD6385D-3BB7-4C1B-AFB9-4F178B3E5F29}"
EndProject
Project("{FAE04EC0-301F-11D3-BF4B-00C04F79EFBC}") = "ObjectBox.Tests", "ObjectBox.Tests\ObjectBox.Tests.csproj", "{5A27BA78-5C8C-4F26-BBC1-0BF558607B6D}"
EndProject
Global
	GlobalSection(SolutionConfigurationPlatforms) = preSolution
		Debug|Any CPU = Debug|Any CPU
		Release|Any CPU = Release|Any CPU
	EndGlobalSection
	GlobalSection(ProjectConfigurationPlatforms) = postSolution
		{3FD6385D-3BB7-4C1B-AFB9-4F178B3E5F29}.Debug|Any CPU.ActiveCfg = Debug|Any CPU
		{3FD6385D-3BB7-4C1B-AFB9-4F178B3E5F29}.Debug|Any CPU.Build.0 = Debug|Any CPU
		{3FD6385D-3BB7-4C1B-AFB9-4F178B3E5F29}.Release|Any CPU.ActiveCfg = Release|Any CPU
		{3FD6385D-3BB7-4C1B-AFB9-4F178B3E5F29}.Release|Any CPU.Build.0 = Release|Any CPU
		{5A27BA78-5C8C-4F26-BBC1-0BF558607B6D}.Debug|Any CPU.ActiveCfg = Debug|Any CPU
		{5A27BA78-5C8C-4F26-BBC1-0BF558607B6D}.Debug|Any CPU.Build.0 = Debug|Any CPU
		{5A27BA78-5C8C-4F26-BBC1-0BF558607B6D}.Release|Any CPU.ActiveCfg = Release|Any CPU
		{5A27BA78-5C8C-4F26-BBC1-0BF558607B6D}.Release|Any CPU.Build.0 = Release|Any CPU
	EndGlobalSection
	GlobalSection(SolutionProperties) = preSolution
		HideSolutionNode = FALSE
	EndGlobalSection
EndGlobal
